
Microsoft Visual Studio Solution File, Format Version 12.00
# Visual Studio 15
VisualStudioVersion = 15.0.28307.1259
MinimumVisualStudioVersion = 10.0.40219.1
Project("{FAE04EC0-301F-11D3-BF4B-00C04F79EFBC}") = "Section4", "UnitTestProject\Section4.csproj", "{F752E2F4-50E0-4151-AAB6-D93120FE5CE9}"
EndProject
Project("{FAE04EC0-301F-11D3-BF4B-00C04F79EFBC}") = "Section5", "Section5\Section5.csproj", "{1DE18DEB-94B7-4C27-9700-19EAE7AD8A6A}"
EndProject
Global
	GlobalSection(SolutionConfigurationPlatforms) = preSolution
		Debug|Any CPU = Debug|Any CPU
		Release|Any CPU = Release|Any CPU
	EndGlobalSection
	GlobalSection(ProjectConfigurationPlatforms) = postSolution
		{F752E2F4-50E0-4151-AAB6-D93120FE5CE9}.Debug|Any CPU.ActiveCfg = Debug|Any CPU
		{F752E2F4-50E0-4151-AAB6-D93120FE5CE9}.Debug|Any CPU.Build.0 = Debug|Any CPU
		{F752E2F4-50E0-4151-AAB6-D93120FE5CE9}.Release|Any CPU.ActiveCfg = Release|Any CPU
		{F752E2F4-50E0-4151-AAB6-D93120FE5CE9}.Release|Any CPU.Build.0 = Release|Any CPU
		{1DE18DEB-94B7-4C27-9700-19EAE7AD8A6A}.Debug|Any CPU.ActiveCfg = Debug|Any CPU
		{1DE18DEB-94B7-4C27-9700-19EAE7AD8A6A}.Debug|Any CPU.Build.0 = Debug|Any CPU
		{1DE18DEB-94B7-4C27-9700-19EAE7AD8A6A}.Release|Any CPU.ActiveCfg = Release|Any CPU
		{1DE18DEB-94B7-4C27-9700-19EAE7AD8A6A}.Release|Any CPU.Build.0 = Release|Any CPU
	EndGlobalSection
	GlobalSection(SolutionProperties) = preSolution
		HideSolutionNode = FALSE
	EndGlobalSection
	GlobalSection(ExtensibilityGlobals) = postSolution
		SolutionGuid = {2EAB5EE5-34D5-4838-8983-5DCD784D2379}
	EndGlobalSection
EndGlobal
