
Microsoft Visual Studio Solution File, Format Version 12.00
# Visual Studio 15
VisualStudioVersion = 15.0.28307.1259
MinimumVisualStudioVersion = 10.0.40219.1
Project("{FAE04EC0-301F-11D3-BF4B-00C04F79EFBC}") = "Section4", "UnitTestProject\Section4.csproj", "{F752E2F4-50E0-4151-AAB6-D93120FE5CE9}"
EndProject
Project("{FAE04EC0-301F-11D3-BF4B-00C04F79EFBC}") = "Section5", "Section5\Section5.csproj", "{1DE18DEB-94B7-4C27-9700-19EAE7AD8A6A}"
EndProject
Project("{FAE04EC0-301F-11D3-BF4B-00C04F79EFBC}") = "Section6", "Section6\Section6.csproj", "{1F9F55CE-C053-4AA5-B2F2-5AA61ED436CD}"
EndProject
Project("{FAE04EC0-301F-11D3-BF4B-00C04F79EFBC}") = "Section7", "Section7\Section7.csproj", "{B3870214-6651-4795-829D-6CCDBAB2D66A}"
EndProject
Project("{FAE04EC0-301F-11D3-BF4B-00C04F79EFBC}") = "Section8", "Section8\Section8.csproj", "{31AC6CA2-B9FB-4C2E-8706-1FFD5BB1ACBA}"
EndProject
Project("{FAE04EC0-301F-11D3-BF4B-00C04F79EFBC}") = "Section9", "Section9\Section9.csproj", "{837FB2E4-72EE-4D8C-BBDD-B65348D16E29}"
EndProject
Project("{FAE04EC0-301F-11D3-BF4B-00C04F79EFBC}") = "Section9CodingQuiz", "Section9CodingQuiz\Section9CodingQuiz.csproj", "{7978BBF0-00BD-4CF6-A17C-FF3432D205B0}"
EndProject
Project("{FAE04EC0-301F-11D3-BF4B-00C04F79EFBC}") = "Section10", "Section10\Section10.csproj", "{1AD0A3ED-0A63-424E-AB6D-AE3B7BEBE0E2}"
EndProject
Project("{FAE04EC0-301F-11D3-BF4B-00C04F79EFBC}") = "Section11", "Section11\Section11.csproj", "{8C31855F-5F5F-4076-8EB7-63FD797E1F78}"
EndProject
Project("{FAE04EC0-301F-11D3-BF4B-00C04F79EFBC}") = "Section12", "Section12\Section12.csproj", "{F1151524-5FC1-4FA6-8AD8-5E8B1398E47D}"
EndProject
Project("{FAE04EC0-301F-11D3-BF4B-00C04F79EFBC}") = "Section13", "Section13\Section13.csproj", "{93196FBF-A26B-4BE0-B146-4A8A23328D4B}"
EndProject
Global
	GlobalSection(SolutionConfigurationPlatforms) = preSolution
		Debug|Any CPU = Debug|Any CPU
		Release|Any CPU = Release|Any CPU
	EndGlobalSection
	GlobalSection(ProjectConfigurationPlatforms) = postSolution
		{F752E2F4-50E0-4151-AAB6-D93120FE5CE9}.Debug|Any CPU.ActiveCfg = Debug|Any CPU
		{F752E2F4-50E0-4151-AAB6-D93120FE5CE9}.Debug|Any CPU.Build.0 = Debug|Any CPU
		{F752E2F4-50E0-4151-AAB6-D93120FE5CE9}.Release|Any CPU.ActiveCfg = Release|Any CPU
		{F752E2F4-50E0-4151-AAB6-D93120FE5CE9}.Release|Any CPU.Build.0 = Release|Any CPU
		{1DE18DEB-94B7-4C27-9700-19EAE7AD8A6A}.Debug|Any CPU.ActiveCfg = Debug|Any CPU
		{1DE18DEB-94B7-4C27-9700-19EAE7AD8A6A}.Debug|Any CPU.Build.0 = Debug|Any CPU
		{1DE18DEB-94B7-4C27-9700-19EAE7AD8A6A}.Release|Any CPU.ActiveCfg = Release|Any CPU
		{1DE18DEB-94B7-4C27-9700-19EAE7AD8A6A}.Release|Any CPU.Build.0 = Release|Any CPU
		{1F9F55CE-C053-4AA5-B2F2-5AA61ED436CD}.Debug|Any CPU.ActiveCfg = Debug|Any CPU
		{1F9F55CE-C053-4AA5-B2F2-5AA61ED436CD}.Debug|Any CPU.Build.0 = Debug|Any CPU
		{1F9F55CE-C053-4AA5-B2F2-5AA61ED436CD}.Release|Any CPU.ActiveCfg = Release|Any CPU
		{1F9F55CE-C053-4AA5-B2F2-5AA61ED436CD}.Release|Any CPU.Build.0 = Release|Any CPU
		{B3870214-6651-4795-829D-6CCDBAB2D66A}.Debug|Any CPU.ActiveCfg = Debug|Any CPU
		{B3870214-6651-4795-829D-6CCDBAB2D66A}.Debug|Any CPU.Build.0 = Debug|Any CPU
		{B3870214-6651-4795-829D-6CCDBAB2D66A}.Release|Any CPU.ActiveCfg = Release|Any CPU
		{B3870214-6651-4795-829D-6CCDBAB2D66A}.Release|Any CPU.Build.0 = Release|Any CPU
		{31AC6CA2-B9FB-4C2E-8706-1FFD5BB1ACBA}.Debug|Any CPU.ActiveCfg = Debug|Any CPU
		{31AC6CA2-B9FB-4C2E-8706-1FFD5BB1ACBA}.Debug|Any CPU.Build.0 = Debug|Any CPU
		{31AC6CA2-B9FB-4C2E-8706-1FFD5BB1ACBA}.Release|Any CPU.ActiveCfg = Release|Any CPU
		{31AC6CA2-B9FB-4C2E-8706-1FFD5BB1ACBA}.Release|Any CPU.Build.0 = Release|Any CPU
		{837FB2E4-72EE-4D8C-BBDD-B65348D16E29}.Debug|Any CPU.ActiveCfg = Debug|Any CPU
		{837FB2E4-72EE-4D8C-BBDD-B65348D16E29}.Debug|Any CPU.Build.0 = Debug|Any CPU
		{837FB2E4-72EE-4D8C-BBDD-B65348D16E29}.Release|Any CPU.ActiveCfg = Release|Any CPU
		{837FB2E4-72EE-4D8C-BBDD-B65348D16E29}.Release|Any CPU.Build.0 = Release|Any CPU
		{7978BBF0-00BD-4CF6-A17C-FF3432D205B0}.Debug|Any CPU.ActiveCfg = Debug|Any CPU
		{7978BBF0-00BD-4CF6-A17C-FF3432D205B0}.Debug|Any CPU.Build.0 = Debug|Any CPU
		{7978BBF0-00BD-4CF6-A17C-FF3432D205B0}.Release|Any CPU.ActiveCfg = Release|Any CPU
		{7978BBF0-00BD-4CF6-A17C-FF3432D205B0}.Release|Any CPU.Build.0 = Release|Any CPU
		{1AD0A3ED-0A63-424E-AB6D-AE3B7BEBE0E2}.Debug|Any CPU.ActiveCfg = Debug|Any CPU
		{1AD0A3ED-0A63-424E-AB6D-AE3B7BEBE0E2}.Debug|Any CPU.Build.0 = Debug|Any CPU
		{1AD0A3ED-0A63-424E-AB6D-AE3B7BEBE0E2}.Release|Any CPU.ActiveCfg = Release|Any CPU
		{1AD0A3ED-0A63-424E-AB6D-AE3B7BEBE0E2}.Release|Any CPU.Build.0 = Release|Any CPU
		{8C31855F-5F5F-4076-8EB7-63FD797E1F78}.Debug|Any CPU.ActiveCfg = Debug|Any CPU
		{8C31855F-5F5F-4076-8EB7-63FD797E1F78}.Debug|Any CPU.Build.0 = Debug|Any CPU
		{8C31855F-5F5F-4076-8EB7-63FD797E1F78}.Release|Any CPU.ActiveCfg = Release|Any CPU
		{8C31855F-5F5F-4076-8EB7-63FD797E1F78}.Release|Any CPU.Build.0 = Release|Any CPU
		{F1151524-5FC1-4FA6-8AD8-5E8B1398E47D}.Debug|Any CPU.ActiveCfg = Debug|Any CPU
		{F1151524-5FC1-4FA6-8AD8-5E8B1398E47D}.Debug|Any CPU.Build.0 = Debug|Any CPU
		{F1151524-5FC1-4FA6-8AD8-5E8B1398E47D}.Release|Any CPU.ActiveCfg = Release|Any CPU
		{F1151524-5FC1-4FA6-8AD8-5E8B1398E47D}.Release|Any CPU.Build.0 = Release|Any CPU
		{93196FBF-A26B-4BE0-B146-4A8A23328D4B}.Debug|Any CPU.ActiveCfg = Debug|Any CPU
		{93196FBF-A26B-4BE0-B146-4A8A23328D4B}.Debug|Any CPU.Build.0 = Debug|Any CPU
		{93196FBF-A26B-4BE0-B146-4A8A23328D4B}.Release|Any CPU.ActiveCfg = Release|Any CPU
		{93196FBF-A26B-4BE0-B146-4A8A23328D4B}.Release|Any CPU.Build.0 = Release|Any CPU
	EndGlobalSection
	GlobalSection(SolutionProperties) = preSolution
		HideSolutionNode = FALSE
	EndGlobalSection
	GlobalSection(ExtensibilityGlobals) = postSolution
		SolutionGuid = {2EAB5EE5-34D5-4838-8983-5DCD784D2379}
	EndGlobalSection
EndGlobal
